{
  "name": "svelte-micro",
  "version": "1.0.1",
  "lockfileVersion": 1,
  "requires": true,
  "dependencies": {
    "esbuild": {
      "version": "0.12.6",
      "resolved": "https://registry.npmjs.org/esbuild/-/esbuild-0.12.6.tgz",
      "integrity": "sha512-RDvVLvAjsq/kIZJoneMiUOH7EE7t2QaW7T3Q7EdQij14+bZbDq5sndb0tTanmHIFSqZVMBMMyqzVHkS3dJobeA==",
      "dev": true
    },
    "esbuild-svelte": {
      "version": "0.5.1",
      "resolved": "https://registry.npmjs.org/esbuild-svelte/-/esbuild-svelte-0.5.1.tgz",
      "integrity": "sha512-df22x5t0zVjp/NVvFK5pF17U6C4A/2Ce1uE6oxk1Y081unR17/9PTZ/kVLlUDH4bgS7rlpFOULVqkawRFrM53w==",
      "dev": true,
      "requires": {
        "svelte": "^3.38.2"
      }
    },
    "svelte": {
      "version": "3.38.2",
      "resolved": "https://registry.npmjs.org/svelte/-/svelte-3.38.2.tgz",
      "integrity": "sha512-q5Dq0/QHh4BLJyEVWGe7Cej5NWs040LWjMbicBGZ+3qpFWJ1YObRmUDZKbbovddLC9WW7THTj3kYbTOFmU9fbg==",
      "dev": true
    }
  }
}
