{
  "name": "svelte-micro",
  "version": "0.1.14",
  "lockfileVersion": 1,
  "requires": true,
  "dependencies": {
    "esbuild": {
      "version": "0.11.17",
      "resolved": "https://registry.npmjs.org/esbuild/-/esbuild-0.11.17.tgz",
      "integrity": "sha512-Yj+rQATpLLU36ymg0/laLXn9FUoiGUl7mDPUJ0toQ5nXKFrj/rmIEkQ34T1GeiV2cP2SrT0G0s7xiNuDcsIyBg==",
      "dev": true
    },
    "esbuild-svelte": {
      "version": "0.5.0",
      "resolved": "https://registry.npmjs.org/esbuild-svelte/-/esbuild-svelte-0.5.0.tgz",
      "integrity": "sha512-fv5lYO4Ryqp7Qoiz7ScIiCLmWbED7T+GHec++uaQFd4UHf5dgMBn57JNNdYdw+Ix9KPR215s45+g8MCO9o2fIg==",
      "dev": true,
      "requires": {
        "svelte": "^3.38.0"
      }
    },
    "svelte": {
      "version": "3.38.1",
      "resolved": "https://registry.npmjs.org/svelte/-/svelte-3.38.1.tgz",
      "integrity": "sha512-N3XLAyfzqrFxwRLevBeW7Dke9ZlHRVGSIed5abo4Drvj+zvd2OyWpFa1x4nQUc8Lnvt4Kcn8/5le1peRDybNqg==",
      "dev": true
    }
  }
}
